# THIS IS AN AUTOGENERATED FILE. DO NOT EDIT THIS FILE DIRECTLY.
# yarn lockfile v1


"@alloc/quick-lru@^5.2.0":
  version "5.2.0"
  resolved "https://registry.npmjs.org/@alloc/quick-lru/-/quick-lru-5.2.0.tgz"
  integrity sha512-UrcABB+4bUrFABwbluTIBErXwvbsU/V7TZWfmbgJfbkwiBuziS9gxdODUyuiecfdGQ85jglMW6juS3+z5TsKLw==

"@esbuild/darwin-x64@0.21.5":
  version "0.21.5"
  resolved "https://registry.npmjs.org/@esbuild/darwin-x64/-/darwin-x64-0.21.5.tgz"
  integrity sha512-se/JjF8NlmKVG4kNIuyWMV/22ZaerB+qaSi5MdrXtd6R08kvs2qCN4C09miupktDitvh8jRFflwGFBQcxZRjbw==

"@esbuild/darwin-x64@0.25.12":
  version "0.25.12"
  resolved "https://registry.npmjs.org/@esbuild/darwin-x64/-/darwin-x64-0.25.12.tgz"
  integrity sha512-HQ9ka4Kx21qHXwtlTUVbKJOAnmG1ipXhdWTmNXiPzPfWKpXqASVcWdnf2bnL73wgjNrFXAa3yYvBSd9pzfEIpA==

"@img/colour@^1.0.0":
  version "1.0.0"
  resolved "https://registry.npmjs.org/@img/colour/-/colour-1.0.0.tgz"
  integrity sha512-A5P/LfWGFSl6nsckYtjw9da+19jB8hkJ6ACTGcDfEJ0aE+l2n2El7dsVM7UVHZQ9s2lmYMWlrS21YLy2IR1LUw==

"@img/sharp-darwin-x64@0.34.5":
  version "0.34.5"
  resolved "https://registry.npmjs.org/@img/sharp-darwin-x64/-/sharp-darwin-x64-0.34.5.tgz"
  integrity sha512-YNEFAF/4KQ/PeW0N+r+aVVsoIY0/qxxikF2SWdp+NRkmMB7y9LBZAVqQ4yhGCm/H3H270OSykqmQMKLBhBJDEw==
  optionalDependencies:
    "@img/sharp-libvips-darwin-x64" "1.2.4"

"@img/sharp-libvips-darwin-x64@1.2.4":
  version "1.2.4"
  resolved "https://registry.npmjs.org/@img/sharp-libvips-darwin-x64/-/sharp-libvips-darwin-x64-1.2.4.tgz"
  integrity sha512-1IOd5xfVhlGwX+zXv2N93k0yMONvUlANylbJw1eTah8K/Jtpi15KC+WSiaX/nBmbm2HxRM1gZ0nSdjSsrZbGKg==

"@jridgewell/gen-mapping@^0.3.5":
  version "0.3.13"
  resolved "https://registry.npmjs.org/@jridgewell/gen-mapping/-/gen-mapping-0.3.13.tgz"
  integrity sha512-2kkt/7niJ6MgEPxF0bYdQ6etZaA+fQvDcLKckhy1yIQOzaoKjBBjSj63/aLVjYE3qhRt5dvM+uUyfCg6UKCBbA==
  dependencies:
    "@jridgewell/sourcemap-codec" "^1.5.0"
    "@jridgewell/trace-mapping" "^0.3.24"

"@jridgewell/remapping@^2.3.4":
  version "2.3.5"
  resolved "https://registry.npmjs.org/@jridgewell/remapping/-/remapping-2.3.5.tgz"
  integrity sha512-LI9u/+laYG4Ds1TDKSJW2YPrIlcVYOwi2fUC6xB43lueCjgxV4lffOCZCtYFiH6TNOX+tQKXx97T4IKHbhyHEQ==
  dependencies:
    "@jridgewell/gen-mapping" "^0.3.5"
    "@jridgewell/trace-mapping" "^0.3.24"

"@jridgewell/resolve-uri@^3.1.0":
  version "3.1.2"
  resolved "https://registry.npmjs.org/@jridgewell/resolve-uri/-/resolve-uri-3.1.2.tgz"
  integrity sha512-bRISgCIjP20/tbWSPWMEi54QVPRZExkuD9lJL+UIxUKtwVJA8wW1Trb1jMs1RFXo1CBTNZ/5hpC9QvmKWdopKw==

"@jridgewell/sourcemap-codec@^1.4.14", "@jridgewell/sourcemap-codec@^1.5.0", "@jridgewell/sourcemap-codec@^1.5.5":
  version "1.5.5"
  resolved "https://registry.npmjs.org/@jridgewell/sourcemap-codec/-/sourcemap-codec-1.5.5.tgz"
  integrity sha512-cYQ9310grqxueWbl+WuIUIaiUaDcj7WOq5fVhEljNVgRfOUhY9fy2zTvfoqWsnebh8Sl70VScFbICvJnLKB0Og==

"@jridgewell/trace-mapping@^0.3.24":
  version "0.3.31"
  resolved "https://registry.npmjs.org/@jridgewell/trace-mapping/-/trace-mapping-0.3.31.tgz"
  integrity sha512-zzNR+SdQSDJzc8joaeP8QQoCQr8NuYx2dIIytl1QeBEZHJ9uW6hebsrYgbz8hJwUQao3TWCMtmfV8Nu1twOLAw==
  dependencies:
    "@jridgewell/resolve-uri" "^3.1.0"
    "@jridgewell/sourcemap-codec" "^1.4.14"

"@kurkle/color@^0.3.0":
  version "0.3.4"
  resolved "https://registry.npmjs.org/@kurkle/color/-/color-0.3.4.tgz"
  integrity sha512-M5UknZPHRu3DEDWoipU6sE8PdkZ6Z/S+v4dD+Ke8IaNlpdSQah50lz1KtcFBa2vsdOnwbbnxJwVM4wty6udA5w==

"@parcel/watcher-darwin-x64@2.5.4":
  version "2.5.4"
  resolved "https://registry.npmjs.org/@parcel/watcher-darwin-x64/-/watcher-darwin-x64-2.5.4.tgz"
  integrity sha512-UKaQFhCtNJW1A9YyVz3Ju7ydf6QgrpNQfRZ35wNKUhTQ3dxJ/3MULXN5JN/0Z80V/KUBDGa3RZaKq1EQT2a2gg==

"@parcel/watcher@^2.4.1":
  version "2.5.4"
  resolved "https://registry.npmjs.org/@parcel/watcher/-/watcher-2.5.4.tgz"
  integrity sha512-WYa2tUVV5HiArWPB3ydlOc4R2ivq0IDrlqhMi3l7mVsFEXNcTfxYFPIHXHXIh/ca/y/V5N4E1zecyxdIBjYnkQ==
  dependencies:
    detect-libc "^2.0.3"
    is-glob "^4.0.3"
    node-addon-api "^7.0.0"
    picomatch "^4.0.3"
  optionalDependencies:
    "@parcel/watcher-android-arm64" "2.5.4"
    "@parcel/watcher-darwin-arm64" "2.5.4"
    "@parcel/watcher-darwin-x64" "2.5.4"
    "@parcel/watcher-freebsd-x64" "2.5.4"
    "@parcel/watcher-linux-arm-glibc" "2.5.4"
    "@parcel/watcher-linux-arm-musl" "2.5.4"
    "@parcel/watcher-linux-arm64-glibc" "2.5.4"
    "@parcel/watcher-linux-arm64-musl" "2.5.4"
    "@parcel/watcher-linux-x64-glibc" "2.5.4"
    "@parcel/watcher-linux-x64-musl" "2.5.4"
    "@parcel/watcher-win32-arm64" "2.5.4"
    "@parcel/watcher-win32-ia32" "2.5.4"
    "@parcel/watcher-win32-x64" "2.5.4"

"@rollup/rollup-darwin-x64@4.55.2":
  version "4.55.2"
  resolved "https://registry.npmjs.org/@rollup/rollup-darwin-x64/-/rollup-darwin-x64-4.55.2.tgz"
  integrity sha512-dP67MA0cCMHFT2g5XyjtpVOtp7y4UyUxN3dhLdt11at5cPKnSm4lY+EhwNvDXIMzAMIo2KU+mc9wxaAQJTn7sQ==

"@shikijs/core@3.21.0":
  version "3.21.0"
  resolved "https://registry.npmjs.org/@shikijs/core/-/core-3.21.0.tgz"
  integrity sha512-AXSQu/2n1UIQekY8euBJlvFYZIw0PHY63jUzGbrOma4wPxzznJXTXkri+QcHeBNaFxiiOljKxxJkVSoB3PjbyA==
  dependencies:
    "@shikijs/types" "3.21.0"
    "@shikijs/vscode-textmate" "^10.0.2"
    "@types/hast" "^3.0.4"
    hast-util-to-html "^9.0.5"

"@shikijs/engine-javascript@3.21.0":
  version "3.21.0"
  resolved "https://registry.npmjs.org/@shikijs/engine-javascript/-/engine-javascript-3.21.0.tgz"
  integrity sha512-ATwv86xlbmfD9n9gKRiwuPpWgPENAWCLwYCGz9ugTJlsO2kOzhOkvoyV/UD+tJ0uT7YRyD530x6ugNSffmvIiQ==
  dependencies:
    "@shikijs/types" "3.21.0"
    "@shikijs/vscode-textmate" "^10.0.2"
    oniguruma-to-es "^4.3.4"

"@shikijs/engine-oniguruma@3.21.0":
  version "3.21.0"
  resolved "https://registry.npmjs.org/@shikijs/engine-oniguruma/-/engine-oniguruma-3.21.0.tgz"
  integrity sha512-OYknTCct6qiwpQDqDdf3iedRdzj6hFlOPv5hMvI+hkWfCKs5mlJ4TXziBG9nyabLwGulrUjHiCq3xCspSzErYQ==
  dependencies:
    "@shikijs/types" "3.21.0"
    "@shikijs/vscode-textmate" "^10.0.2"

"@shikijs/langs@3.21.0":
  version "3.21.0"
  resolved "https://registry.npmjs.org/@shikijs/langs/-/langs-3.21.0.tgz"
  integrity sha512-g6mn5m+Y6GBJ4wxmBYqalK9Sp0CFkUqfNzUy2pJglUginz6ZpWbaWjDB4fbQ/8SHzFjYbtU6Ddlp1pc+PPNDVA==
  dependencies:
    "@shikijs/types" "3.21.0"

"@shikijs/themes@3.21.0":
  version "3.21.0"
  resolved "https://registry.npmjs.org/@shikijs/themes/-/themes-3.21.0.tgz"
  integrity sha512-BAE4cr9EDiZyYzwIHEk7JTBJ9CzlPuM4PchfcA5ao1dWXb25nv6hYsoDiBq2aZK9E3dlt3WB78uI96UESD+8Mw==
  dependencies:
    "@shikijs/types" "3.21.0"

"@shikijs/types@3.21.0":
  version "3.21.0"
  resolved "https://registry.npmjs.org/@shikijs/types/-/types-3.21.0.tgz"
  integrity sha512-zGrWOxZ0/+0ovPY7PvBU2gIS9tmhSUUt30jAcNV0Bq0gb2S98gwfjIs1vxlmH5zM7/4YxLamT6ChlqqAJmPPjA==
  dependencies:
    "@shikijs/vscode-textmate" "^10.0.2"
    "@types/hast" "^3.0.4"

"@shikijs/vscode-textmate@^10.0.2":
  version "10.0.2"
  resolved "https://registry.npmjs.org/@shikijs/vscode-textmate/-/vscode-textmate-10.0.2.tgz"
  integrity sha512-83yeghZ2xxin3Nj8z1NMd/NCuca+gsYXswywDy5bHvwlWL8tpTQmzGeUuHd9FC3E/SBEMvzJRwWEOz5gGes9Qg==

"@svgdotjs/svg.draggable.js@^3.0.4":
  version "3.0.6"
  resolved "https://registry.npmjs.org/@svgdotjs/svg.draggable.js/-/svg.draggable.js-3.0.6.tgz"
  integrity sha512-7iJFm9lL3C40HQcqzEfezK2l+dW2CpoVY3b77KQGqc8GXWa6LhhmX5Ckv7alQfUXBuZbjpICZ+Dvq1czlGx7gA==

"@svgdotjs/svg.filter.js@^3.0.8":
  version "3.0.9"
  resolved "https://registry.npmjs.org/@svgdotjs/svg.filter.js/-/svg.filter.js-3.0.9.tgz"
  integrity sha512-/69XMRCDoam2HgC4ldHIaDgeQf1ViHIsa0Ld4uWgiXtZ+E24DWHe/9Ib6kbNiZ7WRIdlVokUDR1Fg0kjIpkfbw==
  dependencies:
    "@svgdotjs/svg.js" "^3.2.4"

"@svgdotjs/svg.js@^3.2.4":
  version "3.2.5"
  resolved "https://registry.npmjs.org/@svgdotjs/svg.js/-/svg.js-3.2.5.tgz"
  integrity sha512-/VNHWYhNu+BS7ktbYoVGrCmsXDh+chFMaONMwGNdIBcFHrWqk2jY8fNyr3DLdtQUIalvkPfM554ZSFa3dm3nxQ==

"@svgdotjs/svg.resize.js@^2.0.2":
  version "2.0.5"
  resolved "https://registry.npmjs.org/@svgdotjs/svg.resize.js/-/svg.resize.js-2.0.5.tgz"
  integrity sha512-4heRW4B1QrJeENfi7326lUPYBCevj78FJs8kfeDxn5st0IYPIRXoTtOSYvTzFWgaWWXd3YCDE6ao4fmv91RthA==

"@svgdotjs/svg.select.js@^4.0.1":
  version "4.0.3"
  resolved "https://registry.npmjs.org/@svgdotjs/svg.select.js/-/svg.select.js-4.0.3.tgz"
  integrity sha512-qkMgso1sd2hXKd1FZ1weO7ANq12sNmQJeGDjs46QwDVsxSRcHmvWKL2NDF7Yimpwf3sl5esOLkPqtV2bQ3v/Jg==

"@tailwindcss/node@4.1.18":
  version "4.1.18"
  resolved "https://registry.npmjs.org/@tailwindcss/node/-/node-4.1.18.tgz"
  integrity sha512-DoR7U1P7iYhw16qJ49fgXUlry1t4CpXeErJHnQ44JgTSKMaZUdf17cfn5mHchfJ4KRBZRFA/Coo+MUF5+gOaCQ==
  dependencies:
    "@jridgewell/remapping" "^2.3.4"
    enhanced-resolve "^5.18.3"
    jiti "^2.6.1"
    lightningcss "1.30.2"
    magic-string "^0.30.21"
    source-map-js "^1.2.1"
    tailwindcss "4.1.18"

"@tailwindcss/oxide-darwin-x64@4.1.18":
  version "4.1.18"
  resolved "https://registry.npmjs.org/@tailwindcss/oxide-darwin-x64/-/oxide-darwin-x64-4.1.18.tgz"
  integrity sha512-FL5oxr2xQsFrc3X9o1fjHKBYBMD1QZNyc1Xzw/h5Qu4XnEBi3dZn96HcHm41c/euGV+GRiXFfh2hUCyKi/e+yw==

"@tailwindcss/oxide@4.1.18":
  version "4.1.18"
  resolved "https://registry.npmjs.org/@tailwindcss/oxide/-/oxide-4.1.18.tgz"
  integrity sha512-EgCR5tTS5bUSKQgzeMClT6iCY3ToqE1y+ZB0AKldj809QXk1Y+3jB0upOYZrn9aGIzPtUsP7sX4QQ4XtjBB95A==
  optionalDependencies:
    "@tailwindcss/oxide-android-arm64" "4.1.18"
    "@tailwindcss/oxide-darwin-arm64" "4.1.18"
    "@tailwindcss/oxide-darwin-x64" "4.1.18"
    "@tailwindcss/oxide-freebsd-x64" "4.1.18"
    "@tailwindcss/oxide-linux-arm-gnueabihf" "4.1.18"
    "@tailwindcss/oxide-linux-arm64-gnu" "4.1.18"
    "@tailwindcss/oxide-linux-arm64-musl" "4.1.18"
    "@tailwindcss/oxide-linux-x64-gnu" "4.1.18"
    "@tailwindcss/oxide-linux-x64-musl" "4.1.18"
    "@tailwindcss/oxide-wasm32-wasi" "4.1.18"
    "@tailwindcss/oxide-win32-arm64-msvc" "4.1.18"
    "@tailwindcss/oxide-win32-x64-msvc" "4.1.18"

"@tailwindcss/postcss@^4.1.18":
  version "4.1.18"
  resolved "https://registry.npmjs.org/@tailwindcss/postcss/-/postcss-4.1.18.tgz"
  integrity sha512-Ce0GFnzAOuPyfV5SxjXGn0CubwGcuDB0zcdaPuCSzAa/2vII24JTkH+I6jcbXLb1ctjZMZZI6OjDaLPJQL1S0g==
  dependencies:
    "@alloc/quick-lru" "^5.2.0"
    "@tailwindcss/node" "4.1.18"
    "@tailwindcss/oxide" "4.1.18"
    postcss "^8.4.41"
    tailwindcss "4.1.18"

"@tailwindcss/vite@^4.1.18":
  version "4.1.18"
  resolved "https://registry.npmjs.org/@tailwindcss/vite/-/vite-4.1.18.tgz"
  integrity sha512-jVA+/UpKL1vRLg6Hkao5jldawNmRo7mQYrZtNHMIVpLfLhDml5nMRUo/8MwoX2vNXvnaXNNMedrMfMugAVX1nA==
  dependencies:
    "@tailwindcss/node" "4.1.18"
    "@tailwindcss/oxide" "4.1.18"
    tailwindcss "4.1.18"

"@types/estree@1.0.8":
  version "1.0.8"
  resolved "https://registry.npmjs.org/@types/estree/-/estree-1.0.8.tgz"
  integrity sha512-dWHzHa2WqEXI/O1E9OjrocMTKJl2mSrEolh1Iomrv6U+JuNwaHXsXx9bLu5gG7BUWFIN0skIQJQ/L1rIex4X6w==

"@types/hast@^3.0.0", "@types/hast@^3.0.4":
  version "3.0.4"
  resolved "https://registry.npmjs.org/@types/hast/-/hast-3.0.4.tgz"
  integrity sha512-WPs+bbQw5aCj+x6laNGWLH3wviHtoCv/P3+otBhbOhJgG8qtpdAMlTCxLtsTWA7LH1Oh/bFCHsBn0TPS5m30EQ==
  dependencies:
    "@types/unist" "*"

"@types/mdast@^4.0.0":
  version "4.0.4"
  resolved "https://registry.npmjs.org/@types/mdast/-/mdast-4.0.4.tgz"
  integrity sha512-kGaNbPh1k7AFzgpud/gMdvIm5xuECykRR+JnWKQno9TAXVa6WIVCGTPvYGekIDL4uwCZQSYbUxNBSb1aUo79oA==
  dependencies:
    "@types/unist" "*"

"@types/unist@*", "@types/unist@^3.0.0":
  version "3.0.3"
  resolved "https://registry.npmjs.org/@types/unist/-/unist-3.0.3.tgz"
  integrity sha512-ko/gIFJRv177XgZsZcBwnqJN5x/Gien8qNOn0D5bQU/zAzVf9Zt3BlcUiLqhV9y4ARk0GbT3tnUiPNgnTXzc/Q==

"@ungap/structured-clone@^1.0.0":
  version "1.3.0"
  resolved "https://registry.npmjs.org/@ungap/structured-clone/-/structured-clone-1.3.0.tgz"
  integrity sha512-WmoN8qaIAo7WTYWbAZuG8PYEhn5fkz7dZrqTBZ7dtt//lL2Gwms1IcnQ5yHqjDfX8Ft5j4YzDM23f87zBfDe9g==

"@yr/monotone-cubic-spline@^1.0.3":
  version "1.0.3"
  resolved "https://registry.npmjs.org/@yr/monotone-cubic-spline/-/monotone-cubic-spline-1.0.3.tgz"
  integrity sha512-FQXkOta0XBSUPHndIKON2Y9JeQz5ZeMqLYZVVK93FliNBFm7LNMIZmY6FrMEB9XPcDbE2bekMbZD6kzDkxwYjA==

ansi-colors@^4.1.3:
  version "4.1.3"
  resolved "https://registry.npmjs.org/ansi-colors/-/ansi-colors-4.1.3.tgz"
  integrity sha512-/6w/C21Pm1A7aZitlI5Ni/2J6FFQN8i1Cvz3kHABAAbw93v/NlvKdVOqz7CCWz/3iv/JplRSEEZ83XION15ovw==

apexcharts@^5.3.6:
  version "5.3.6"
  resolved "https://registry.npmjs.org/apexcharts/-/apexcharts-5.3.6.tgz"
  integrity sha512-sVEPw+J0Gp0IHQabKu8cfdsxlfME0e36Wid7RIaPclGM2OUt+O7O4+6mfAmTUYhy5bDk8cNHzEhPfVtLCIXEJA==
  dependencies:
    "@svgdotjs/svg.draggable.js" "^3.0.4"
    "@svgdotjs/svg.filter.js" "^3.0.8"
    "@svgdotjs/svg.js" "^3.2.4"
    "@svgdotjs/svg.resize.js" "^2.0.2"
    "@svgdotjs/svg.select.js" "^4.0.1"
    "@yr/monotone-cubic-spline" "^1.0.3"

boolbase@^1.0.0:
  version "1.0.0"
  resolved "https://registry.npmjs.org/boolbase/-/boolbase-1.0.0.tgz"
  integrity sha512-JZOSA7Mo9sNGB8+UjSgzdLtokWAky1zbztM3WRLCbZ70/3cTANmQmOdR7y2g+J0e2WXywy1yS468tY+IruqEww==

ccount@^2.0.0:
  version "2.0.1"
  resolved "https://registry.npmjs.org/ccount/-/ccount-2.0.1.tgz"
  integrity sha512-eyrF0jiFpY+3drT6383f1qhkbGsLSifNAjA61IUjZjmLCWjItY6LB9ft9YhoDgwfmclB2zhu51Lc7+95b8NRAg==

character-entities-html4@^2.0.0:
  version "2.1.0"
  resolved "https://registry.npmjs.org/character-entities-html4/-/character-entities-html4-2.1.0.tgz"
  integrity sha512-1v7fgQRj6hnSwFpq1Eu0ynr/CDEw0rXo2B61qXrLNdHZmPKgb7fqS1a2JwF0rISo9q77jDI8VMEHoApn8qDoZA==

character-entities-legacy@^3.0.0:
  version "3.0.0"
  resolved "https://registry.npmjs.org/character-entities-legacy/-/character-entities-legacy-3.0.0.tgz"
  integrity sha512-RpPp0asT/6ufRm//AJVwpViZbGM/MkjQFxJccQRHmISF/22NBtsHqAWmL+/pmkPWoIUJdWyeVleTl1wydHATVQ==

chart.js@^4.4.7:
  version "4.5.1"
  resolved "https://registry.npmjs.org/chart.js/-/chart.js-4.5.1.tgz"
  integrity sha512-GIjfiT9dbmHRiYi6Nl2yFCq7kkwdkp1W/lp2J99rX0yo9tgJGn3lKQATztIjb5tVtevcBtIdICNWqlq5+E8/Pw==
  dependencies:
    "@kurkle/color" "^0.3.0"

chokidar@^4.0.0:
  version "4.0.3"
  resolved "https://registry.npmjs.org/chokidar/-/chokidar-4.0.3.tgz"
  integrity sha512-Qgzu8kfBvo+cA4962jnP1KkS6Dop5NS6g7R5LFYJr4b8Ub94PPQXUksCw9PvXoeXPRRddRNC5C1JQUR2SMGtnA==
  dependencies:
    readdirp "^4.0.1"

comma-separated-tokens@^2.0.0:
  version "2.0.3"
  resolved "https://registry.npmjs.org/comma-separated-tokens/-/comma-separated-tokens-2.0.3.tgz"
  integrity sha512-Fu4hJdvzeylCfQPp9SGWidpzrMs7tTrlu6Vb8XGaRGck8QSNZJJp538Wrb60Lax4fPwR64ViY468OIUTbRlGZg==

commander@^11.1.0:
  version "11.1.0"
  resolved "https://registry.npmjs.org/commander/-/commander-11.1.0.tgz"
  integrity sha512-yPVavfyCcRhmorC7rWlkHn15b4wDVgVmBA7kV4QVBsF7kv/9TKJAbAXVTxvTnwP8HHKjRCJDClKbciiYS7p0DQ==

css-select@^5.1.0:
  version "5.2.2"
  resolved "https://registry.npmjs.org/css-select/-/css-select-5.2.2.tgz"
  integrity sha512-TizTzUddG/xYLA3NXodFM0fSbNizXjOKhqiQQwvhlspadZokn1KDy0NZFS0wuEubIYAV5/c1/lAr0TaaFXEXzw==
  dependencies:
    boolbase "^1.0.0"
    css-what "^6.1.0"
    domhandler "^5.0.2"
    domutils "^3.0.1"
    nth-check "^2.0.1"

css-tree@^3.0.1:
  version "3.1.0"
  resolved "https://registry.npmjs.org/css-tree/-/css-tree-3.1.0.tgz"
  integrity sha512-0eW44TGN5SQXU1mWSkKwFstI/22X2bG1nYzZTYMAWjylYURhse752YgbE4Cx46AC+bAvI+/dYTPRk1LqSUnu6w==
  dependencies:
    mdn-data "2.12.2"
    source-map-js "^1.0.1"

css-tree@~2.2.0:
  version "2.2.1"
  resolved "https://registry.npmjs.org/css-tree/-/css-tree-2.2.1.tgz"
  integrity sha512-OA0mILzGc1kCOCSJerOeqDxDQ4HOh+G8NbOJFOTgOCzpw7fCBubk0fEyxp8AgOL/jvLgYA/uV0cMbe43ElF1JA==
  dependencies:
    mdn-data "2.0.28"
    source-map-js "^1.0.1"

css-what@^6.1.0:
  version "6.2.2"
  resolved "https://registry.npmjs.org/css-what/-/css-what-6.2.2.tgz"
  integrity sha512-u/O3vwbptzhMs3L1fQE82ZSLHQQfto5gyZzwteVIEyeaY5Fc7R4dapF/BvRoSYFeqfBk4m0V1Vafq5Pjv25wvA==

csso@^5.0.5:
  version "5.0.5"
  resolved "https://registry.npmjs.org/csso/-/csso-5.0.5.tgz"
  integrity sha512-0LrrStPOdJj+SPCCrGhzryycLjwcgUSHBtxNA8aIDxf0GLsRh1cKYhB00Gd1lDOS4yGH69+SNn13+TWbVHETFQ==
  dependencies:
    css-tree "~2.2.0"

dequal@^2.0.0:
  version "2.0.3"
  resolved "https://registry.npmjs.org/dequal/-/dequal-2.0.3.tgz"
  integrity sha512-0je+qPKHEMohvfRTCEo3CrPG6cAzAYgmzKyxRiYSSDkS6eGJdyVJm7WaYA5ECaAD9wLB2T4EEeymA5aFVcYXCA==

detect-libc@^2.0.3, detect-libc@^2.1.2:
  version "2.1.2"
  resolved "https://registry.npmjs.org/detect-libc/-/detect-libc-2.1.2.tgz"
  integrity sha512-Btj2BOOO83o3WyH59e8MgXsxEQVcarkUOpEYrubB0urwnN10yQ364rsiByU11nZlqWYZm05i/of7io4mzihBtQ==

devlop@^1.0.0:
  version "1.1.0"
  resolved "https://registry.npmjs.org/devlop/-/devlop-1.1.0.tgz"
  integrity sha512-RWmIqhcFf1lRYBvNmr7qTNuyCt/7/ns2jbpp1+PalgE/rDQcBT0fioSMUpJ93irlUhC5hrg4cYqe6U+0ImW0rA==
  dependencies:
    dequal "^2.0.0"

dom-serializer@^2.0.0:
  version "2.0.0"
  resolved "https://registry.npmjs.org/dom-serializer/-/dom-serializer-2.0.0.tgz"
  integrity sha512-wIkAryiqt/nV5EQKqQpo3SToSOV9J0DnbJqwK7Wv/Trc92zIAYZ4FlMu+JPFW1DfGFt81ZTCGgDEabffXeLyJg==
  dependencies:
    domelementtype "^2.3.0"
    domhandler "^5.0.2"
    entities "^4.2.0"

domelementtype@^2.3.0:
  version "2.3.0"
  resolved "https://registry.npmjs.org/domelementtype/-/domelementtype-2.3.0.tgz"
  integrity sha512-OLETBj6w0OsagBwdXnPdN0cnMfF9opN69co+7ZrbfPGrdpPVNBUj02spi6B1N7wChLQiPn4CSH/zJvXw56gmHw==

domhandler@^5.0.2, domhandler@^5.0.3:
  version "5.0.3"
  resolved "https://registry.npmjs.org/domhandler/-/domhandler-5.0.3.tgz"
  integrity sha512-cgwlv/1iFQiFnU96XXgROh8xTeetsnJiDsTc7TYCLFd9+/WNkIqPTxiM/8pSd8VIrhXGTf1Ny1q1hquVqDJB5w==
  dependencies:
    domelementtype "^2.3.0"

domutils@^3.0.1:
  version "3.2.2"
  resolved "https://registry.npmjs.org/domutils/-/domutils-3.2.2.tgz"
  integrity sha512-6kZKyUajlDuqlHKVX1w7gyslj9MPIXzIFiz/rGu35uC1wMi+kMhQwGhl4lt9unC9Vb9INnY9Z3/ZA3+FhASLaw==
  dependencies:
    dom-serializer "^2.0.0"
    domelementtype "^2.3.0"
    domhandler "^5.0.3"

enhanced-resolve@^5.18.3:
  version "5.18.4"
  resolved "https://registry.npmjs.org/enhanced-resolve/-/enhanced-resolve-5.18.4.tgz"
  integrity sha512-LgQMM4WXU3QI+SYgEc2liRgznaD5ojbmY3sb8LxyguVkIg5FxdpTkvk72te2R38/TGKxH634oLxXRGY6d7AP+Q==
  dependencies:
    graceful-fs "^4.2.4"
    tapable "^2.2.0"

entities@^4.2.0:
  version "4.5.0"
  resolved "https://registry.npmjs.org/entities/-/entities-4.5.0.tgz"
  integrity sha512-V0hjH4dGPh9Ao5p0MoRY6BVqtwCjhz6vI5LT8AJ55H+4g9/4vbHx1I54fS0XuclLhDHArPQCiMjDxjaL8fPxhw==

esbuild@^0.21.3:
  version "0.21.5"
  resolved "https://registry.npmjs.org/esbuild/-/esbuild-0.21.5.tgz"
  integrity sha512-mg3OPMV4hXywwpoDxu3Qda5xCKQi+vCTZq8S9J/EpkhB2HzKXq4SNFZE3+NK93JYxc8VMSep+lOUSC/RVKaBqw==
  optionalDependencies:
    "@esbuild/aix-ppc64" "0.21.5"
    "@esbuild/android-arm" "0.21.5"
    "@esbuild/android-arm64" "0.21.5"
    "@esbuild/android-x64" "0.21.5"
    "@esbuild/darwin-arm64" "0.21.5"
    "@esbuild/darwin-x64" "0.21.5"
    "@esbuild/freebsd-arm64" "0.21.5"
    "@esbuild/freebsd-x64" "0.21.5"
    "@esbuild/linux-arm" "0.21.5"
    "@esbuild/linux-arm64" "0.21.5"
    "@esbuild/linux-ia32" "0.21.5"
    "@esbuild/linux-loong64" "0.21.5"
    "@esbuild/linux-mips64el" "0.21.5"
    "@esbuild/linux-ppc64" "0.21.5"
    "@esbuild/linux-riscv64" "0.21.5"
    "@esbuild/linux-s390x" "0.21.5"
    "@esbuild/linux-x64" "0.21.5"
    "@esbuild/netbsd-x64" "0.21.5"
    "@esbuild/openbsd-x64" "0.21.5"
    "@esbuild/sunos-x64" "0.21.5"
    "@esbuild/win32-arm64" "0.21.5"
    "@esbuild/win32-ia32" "0.21.5"
    "@esbuild/win32-x64" "0.21.5"

esbuild@^0.25.0:
  version "0.25.12"
  resolved "https://registry.npmjs.org/esbuild/-/esbuild-0.25.12.tgz"
  integrity sha512-bbPBYYrtZbkt6Os6FiTLCTFxvq4tt3JKall1vRwshA3fdVztsLAatFaZobhkBC8/BrPetoa0oksYoKXoG4ryJg==
  optionalDependencies:
    "@esbuild/aix-ppc64" "0.25.12"
    "@esbuild/android-arm" "0.25.12"
    "@esbuild/android-arm64" "0.25.12"
    "@esbuild/android-x64" "0.25.12"
    "@esbuild/darwin-arm64" "0.25.12"
    "@esbuild/darwin-x64" "0.25.12"
    "@esbuild/freebsd-arm64" "0.25.12"
    "@esbuild/freebsd-x64" "0.25.12"
    "@esbuild/linux-arm" "0.25.12"
    "@esbuild/linux-arm64" "0.25.12"
    "@esbuild/linux-ia32" "0.25.12"
    "@esbuild/linux-loong64" "0.25.12"
    "@esbuild/linux-mips64el" "0.25.12"
    "@esbuild/linux-ppc64" "0.25.12"
    "@esbuild/linux-riscv64" "0.25.12"
    "@esbuild/linux-s390x" "0.25.12"
    "@esbuild/linux-x64" "0.25.12"
    "@esbuild/netbsd-arm64" "0.25.12"
    "@esbuild/netbsd-x64" "0.25.12"
    "@esbuild/openbsd-arm64" "0.25.12"
    "@esbuild/openbsd-x64" "0.25.12"
    "@esbuild/openharmony-arm64" "0.25.12"
    "@esbuild/sunos-x64" "0.25.12"
    "@esbuild/win32-arm64" "0.25.12"
    "@esbuild/win32-ia32" "0.25.12"
    "@esbuild/win32-x64" "0.25.12"

fdir@^6.4.4:
  version "6.5.0"
  resolved "https://registry.npmjs.org/fdir/-/fdir-6.5.0.tgz"
  integrity sha512-tIbYtZbucOs0BRGqPJkshJUYdL+SDH7dVM8gjy+ERp3WAUjLEFJE+02kanyHtwjWOnwrKYBiwAmM0p4kLJAnXg==

fdir@^6.5.0:
  version "6.5.0"
  resolved "https://registry.npmjs.org/fdir/-/fdir-6.5.0.tgz"
  integrity sha512-tIbYtZbucOs0BRGqPJkshJUYdL+SDH7dVM8gjy+ERp3WAUjLEFJE+02kanyHtwjWOnwrKYBiwAmM0p4kLJAnXg==

fsevents@~2.3.2, fsevents@~2.3.3:
  version "2.3.3"
  resolved "https://registry.npmjs.org/fsevents/-/fsevents-2.3.3.tgz"
  integrity sha512-5xoDfX+fL7faATnagmWPpbFtwh/R77WmMMqqHGS65C3vvB0YHrgF+B1YmZ3441tMj5n63k0212XNoJwzlhffQw==

graceful-fs@^4.2.4:
  version "4.2.11"
  resolved "https://registry.npmjs.org/graceful-fs/-/graceful-fs-4.2.11.tgz"
  integrity sha512-RbJ5/jmFcNNCcDV5o9eTnBLJ/HszWV0P73bc+Ff4nS/rJj+YaS6IGyiOL0VoBYX+l1Wrl3k63h/KrH+nhJ0XvQ==

handlebars@^4.7.6:
  version "4.7.8"
  resolved "https://registry.npmjs.org/handlebars/-/handlebars-4.7.8.tgz"
  integrity sha512-vafaFqs8MZkRrSX7sFVUdo3ap/eNiLnb4IakshzvP56X5Nr1iGKAIqdX6tMlm6HcNRIkr6AxO5jFEoJzzpT8aQ==
  dependencies:
    minimist "^1.2.5"
    neo-async "^2.6.2"
    source-map "^0.6.1"
    wordwrap "^1.0.0"
  optionalDependencies:
    uglify-js "^3.1.4"

hast-util-to-html@^9.0.5:
  version "9.0.5"
  resolved "https://registry.npmjs.org/hast-util-to-html/-/hast-util-to-html-9.0.5.tgz"
  integrity sha512-OguPdidb+fbHQSU4Q4ZiLKnzWo8Wwsf5bZfbvu7//a9oTYoqD/fWpe96NuHkoS9h0ccGOTe0C4NGXdtS0iObOw==
  dependencies:
    "@types/hast" "^3.0.0"
    "@types/unist" "^3.0.0"
    ccount "^2.0.0"
    comma-separated-tokens "^2.0.0"
    hast-util-whitespace "^3.0.0"
    html-void-elements "^3.0.0"
    mdast-util-to-hast "^13.0.0"
    property-information "^7.0.0"
    space-separated-tokens "^2.0.0"
    stringify-entities "^4.0.0"
    zwitch "^2.0.4"

hast-util-whitespace@^3.0.0:
  version "3.0.0"
  resolved "https://registry.npmjs.org/hast-util-whitespace/-/hast-util-whitespace-3.0.0.tgz"
  integrity sha512-88JUN06ipLwsnv+dVn+OIYOvAuvBMy/Qoi6O7mQHxdPXpjy+Cd6xRkWwux7DKO+4sYILtLBRIKgsdpS2gQc7qw==
  dependencies:
    "@types/hast" "^3.0.0"

html-void-elements@^3.0.0:
  version "3.0.0"
  resolved "https://registry.npmjs.org/html-void-elements/-/html-void-elements-3.0.0.tgz"
  integrity sha512-bEqo66MRXsUGxWHV5IP0PUiAWwoEjba4VCzg0LjFJBpchPaTfyfCKTG6bc5F8ucKec3q5y6qOdGyYTSBEvhCrg==

immutable@^5.0.2:
  version "5.1.4"
  resolved "https://registry.npmjs.org/immutable/-/immutable-5.1.4.tgz"
  integrity sha512-p6u1bG3YSnINT5RQmx/yRZBpenIl30kVxkTLDyHLIMk0gict704Q9n+thfDI7lTRm9vXdDYutVzXhzcThxTnXA==

is-extglob@^2.1.1:
  version "2.1.1"
  resolved "https://registry.npmjs.org/is-extglob/-/is-extglob-2.1.1.tgz"
  integrity sha512-SbKbANkN603Vi4jEZv49LeVJMn4yGwsbzZworEoyEiutsN3nJYdbO36zfhGJ6QEDpOZIFkDtnq5JRxmvl3jsoQ==

is-glob@^4.0.3:
  version "4.0.3"
  resolved "https://registry.npmjs.org/is-glob/-/is-glob-4.0.3.tgz"
  integrity sha512-xelSayHH36ZgE7ZWhli7pW34hNbNl8Ojv5KVmkJD4hBdD3th8Tfk9vYasLM+mXWOZhFkgZfxhLSnrwRr4elSSg==
  dependencies:
    is-extglob "^2.1.1"

jiti@^2.6.1, jiti@>=1.21.0:
  version "2.6.1"
  resolved "https://registry.npmjs.org/jiti/-/jiti-2.6.1.tgz"
  integrity sha512-ekilCSN1jwRvIbgeg/57YFh8qQDNbwDb9xT/qu2DAHbFFZUicIl4ygVaAvzveMhMVr3LnpSKTNnwt8PoOfmKhQ==

lightningcss-darwin-x64@1.30.2:
  version "1.30.2"
  resolved "https://registry.npmjs.org/lightningcss-darwin-x64/-/lightningcss-darwin-x64-1.30.2.tgz"
  integrity sha512-oBZgKchomuDYxr7ilwLcyms6BCyLn0z8J0+ZZmfpjwg9fRVZIR5/GMXd7r9RH94iDhld3UmSjBM6nXWM2TfZTQ==

lightningcss-darwin-x64@1.31.0:
  version "1.31.0"
  resolved "https://registry.npmjs.org/lightningcss-darwin-x64/-/lightningcss-darwin-x64-1.31.0.tgz"
  integrity sha512-7+8dwpz4qj/IiKxSs210WKWoJg59npBxvEXrpuxAkfZDPSgXiPcNZfaL9HtcaRntd7DbzVSI5SHMsmlsl+NZgA==

lightningcss@^1.21.0, lightningcss@^1.28.2:
  version "1.31.0"
  resolved "https://registry.npmjs.org/lightningcss/-/lightningcss-1.31.0.tgz"
  integrity sha512-mKXR8TIPqVNcs0qQplcnLgDSmyMW5q9Bt5GmcvABpeexaGGPILxDmMNoabSsS9pAPgICYmgzL2wYFPf84/fQ2A==
  dependencies:
    detect-libc "^2.0.3"
  optionalDependencies:
    lightningcss-android-arm64 "1.31.0"
    lightningcss-darwin-arm64 "1.31.0"
    lightningcss-darwin-x64 "1.31.0"
    lightningcss-freebsd-x64 "1.31.0"
    lightningcss-linux-arm-gnueabihf "1.31.0"
    lightningcss-linux-arm64-gnu "1.31.0"
    lightningcss-linux-arm64-musl "1.31.0"
    lightningcss-linux-x64-gnu "1.31.0"
    lightningcss-linux-x64-musl "1.31.0"
    lightningcss-win32-arm64-msvc "1.31.0"
    lightningcss-win32-x64-msvc "1.31.0"

lightningcss@1.30.2:
  version "1.30.2"
  resolved "https://registry.npmjs.org/lightningcss/-/lightningcss-1.30.2.tgz"
  integrity sha512-utfs7Pr5uJyyvDETitgsaqSyjCb2qNRAtuqUeWIAKztsOYdcACf2KtARYXg2pSvhkt+9NfoaNY7fxjl6nuMjIQ==
  dependencies:
    detect-libc "^2.0.3"
  optionalDependencies:
    lightningcss-android-arm64 "1.30.2"
    lightningcss-darwin-arm64 "1.30.2"
    lightningcss-darwin-x64 "1.30.2"
    lightningcss-freebsd-x64 "1.30.2"
    lightningcss-linux-arm-gnueabihf "1.30.2"
    lightningcss-linux-arm64-gnu "1.30.2"
    lightningcss-linux-arm64-musl "1.30.2"
    lightningcss-linux-x64-gnu "1.30.2"
    lightningcss-linux-x64-musl "1.30.2"
    lightningcss-win32-arm64-msvc "1.30.2"
    lightningcss-win32-x64-msvc "1.30.2"

lucide-static@^0.563.0:
  version "0.563.0"
  resolved "https://registry.npmjs.org/lucide-static/-/lucide-static-0.563.0.tgz"
  integrity sha512-O7ZlK+VFfc/G5KYwUb9jO60RlPNKV6Dyu+OgQC/QCiO4FMPIK9qrIIkYHHG6PLgLKvmELmf1eKSAso+D/vAvcg==

magic-string@^0.30.21:
  version "0.30.21"
  resolved "https://registry.npmjs.org/magic-string/-/magic-string-0.30.21.tgz"
  integrity sha512-vd2F4YUyEXKGcLHoq+TEyCjxueSeHnFxyyjNp80yg0XV4vUhnDer/lvvlqM/arB5bXQN5K2/3oinyCRyx8T2CQ==
  dependencies:
    "@jridgewell/sourcemap-codec" "^1.5.5"

mdast-util-to-hast@^13.0.0:
  version "13.2.1"
  resolved "https://registry.npmjs.org/mdast-util-to-hast/-/mdast-util-to-hast-13.2.1.tgz"
  integrity sha512-cctsq2wp5vTsLIcaymblUriiTcZd0CwWtCbLvrOzYCDZoWyMNV8sZ7krj09FSnsiJi3WVsHLM4k6Dq/yaPyCXA==
  dependencies:
    "@types/hast" "^3.0.0"
    "@types/mdast" "^4.0.0"
    "@ungap/structured-clone" "^1.0.0"
    devlop "^1.0.0"
    micromark-util-sanitize-uri "^2.0.0"
    trim-lines "^3.0.0"
    unist-util-position "^5.0.0"
    unist-util-visit "^5.0.0"
    vfile "^6.0.0"

mdn-data@2.0.28:
  version "2.0.28"
  resolved "https://registry.npmjs.org/mdn-data/-/mdn-data-2.0.28.tgz"
  integrity sha512-aylIc7Z9y4yzHYAJNuESG3hfhC+0Ibp/MAMiaOZgNv4pmEdFyfZhhhny4MNiAfWdBQ1RQ2mfDWmM1x8SvGyp8g==

mdn-data@2.12.2:
  version "2.12.2"
  resolved "https://registry.npmjs.org/mdn-data/-/mdn-data-2.12.2.tgz"
  integrity sha512-IEn+pegP1aManZuckezWCO+XZQDplx1366JoVhTpMpBB1sPey/SbveZQUosKiKiGYjg1wH4pMlNgXbCiYgihQA==

micromark-util-character@^2.0.0:
  version "2.1.1"
  resolved "https://registry.npmjs.org/micromark-util-character/-/micromark-util-character-2.1.1.tgz"
  integrity sha512-wv8tdUTJ3thSFFFJKtpYKOYiGP2+v96Hvk4Tu8KpCAsTMs6yi+nVmGh1syvSCsaxz45J6Jbw+9DD6g97+NV67Q==
  dependencies:
    micromark-util-symbol "^2.0.0"
    micromark-util-types "^2.0.0"

micromark-util-encode@^2.0.0:
  version "2.0.1"
  resolved "https://registry.npmjs.org/micromark-util-encode/-/micromark-util-encode-2.0.1.tgz"
  integrity sha512-c3cVx2y4KqUnwopcO9b/SCdo2O67LwJJ/UyqGfbigahfegL9myoEFoDYZgkT7f36T0bLrM9hZTAaAyH+PCAXjw==

micromark-util-sanitize-uri@^2.0.0:
  version "2.0.1"
  resolved "https://registry.npmjs.org/micromark-util-sanitize-uri/-/micromark-util-sanitize-uri-2.0.1.tgz"
  integrity sha512-9N9IomZ/YuGGZZmQec1MbgxtlgougxTodVwDzzEouPKo3qFWvymFHWcnDi2vzV1ff6kas9ucW+o3yzJK9YB1AQ==
  dependencies:
    micromark-util-character "^2.0.0"
    micromark-util-encode "^2.0.0"
    micromark-util-symbol "^2.0.0"

micromark-util-symbol@^2.0.0:
  version "2.0.1"
  resolved "https://registry.npmjs.org/micromark-util-symbol/-/micromark-util-symbol-2.0.1.tgz"
  integrity sha512-vs5t8Apaud9N28kgCrRUdEed4UJ+wWNvicHLPxCa9ENlYuAY31M0ETy5y1vA33YoNPDFTghEbnh6efaE8h4x0Q==

micromark-util-types@^2.0.0:
  version "2.0.2"
  resolved "https://registry.npmjs.org/micromark-util-types/-/micromark-util-types-2.0.2.tgz"
  integrity sha512-Yw0ECSpJoViF1qTU4DC6NwtC4aWGt1EkzaQB8KPPyCRR8z9TWeV0HbEFGTO+ZY1wB22zmxnJqhPyTpOVCpeHTA==

minimist@^1.2.5:
  version "1.2.8"
  resolved "https://registry.npmjs.org/minimist/-/minimist-1.2.8.tgz"
  integrity sha512-2yyAR8qBkN3YuheJanUpWC5U3bb5osDywNB8RzDVlDwDHbocAJveqqj1u8+SVD7jkWT4yvsHCpWqqWqAxb0zCA==

nanoid@^3.3.11:
  version "3.3.11"
  resolved "https://registry.npmjs.org/nanoid/-/nanoid-3.3.11.tgz"
  integrity sha512-N8SpfPUnUp1bK+PMYW8qSWdl9U+wwNWI4QKxOYDy9JAro3WMX7p2OeVRF9v+347pnakNevPmiHhNmZ2HbFA76w==

neo-async@^2.6.2:
  version "2.6.2"
  resolved "https://registry.npmjs.org/neo-async/-/neo-async-2.6.2.tgz"
  integrity sha512-Yd3UES5mWCSqR+qNT93S3UoYUkqAZ9lLg8a7g9rimsWmYGK8cVToA4/sF3RrshdyV3sAGMXVUmpMYOw+dLpOuw==

node-addon-api@^7.0.0:
  version "7.1.1"
  resolved "https://registry.npmjs.org/node-addon-api/-/node-addon-api-7.1.1.tgz"
  integrity sha512-5m3bsyrjFWE1xf7nz7YXdN4udnVtXK6/Yfgn5qnahL6bCkf2yKt4k3nuTKAtT4r3IG8JNR2ncsIMdZuAzJjHQQ==

nth-check@^2.0.1:
  version "2.1.1"
  resolved "https://registry.npmjs.org/nth-check/-/nth-check-2.1.1.tgz"
  integrity sha512-lqjrjmaOoAnWfMmBPL+XNnynZh2+swxiX3WUE0s4yEHI6m+AwrK2UZOimIRl3X/4QctVqS8AiZjFqyOGrMXb/w==
  dependencies:
    boolbase "^1.0.0"

oniguruma-parser@^0.12.1:
  version "0.12.1"
  resolved "https://registry.npmjs.org/oniguruma-parser/-/oniguruma-parser-0.12.1.tgz"
  integrity sha512-8Unqkvk1RYc6yq2WBYRj4hdnsAxVze8i7iPfQr8e4uSP3tRv0rpZcbGUDvxfQQcdwHt/e9PrMvGCsa8OqG9X3w==

oniguruma-to-es@^4.3.4:
  version "4.3.4"
  resolved "https://registry.npmjs.org/oniguruma-to-es/-/oniguruma-to-es-4.3.4.tgz"
  integrity sha512-3VhUGN3w2eYxnTzHn+ikMI+fp/96KoRSVK9/kMTcFqj1NRDh2IhQCKvYxDnWePKRXY/AqH+Fuiyb7VHSzBjHfA==
  dependencies:
    oniguruma-parser "^0.12.1"
    regex "^6.0.1"
    regex-recursion "^6.0.2"

pathe@^1.1.2:
  version "1.1.2"
  resolved "https://registry.npmjs.org/pathe/-/pathe-1.1.2.tgz"
  integrity sha512-whLdWMYL2TwI08hn8/ZqAbrVemu0LNaNNJZX73O6qaIdCTfXutsLhMkjdENX0qhsQ9uIimo4/aQOmXkoon2nDQ==

picocolors@^1.1.1:
  version "1.1.1"
  resolved "https://registry.npmjs.org/picocolors/-/picocolors-1.1.1.tgz"
  integrity sha512-xceH2snhtb5M9liqDsmEw56le376mTZkEX/jEb/RxNFyegNul7eNslCXP9FDj/Lcu0X8KEyMceP2ntpaHrDEVA==

"picomatch@^3 || ^4", picomatch@^4.0.2, picomatch@^4.0.3:
  version "4.0.3"
  resolved "https://registry.npmjs.org/picomatch/-/picomatch-4.0.3.tgz"
  integrity sha512-5gTmgEY/sqK6gFXLIsQNH19lWb4ebPDLA4SdLP7dsWkIXHWlG66oPuVvXSGFPppYZz8ZDZq0dYYrbHfBCVUb1Q==

postcss@^8.4.41, postcss@^8.4.43, postcss@^8.5.3, postcss@^8.5.6:
  version "8.5.6"
  resolved "https://registry.npmjs.org/postcss/-/postcss-8.5.6.tgz"
  integrity sha512-3Ybi1tAuwAP9s0r1UQ2J4n5Y0G05bJkpUIO0/bI9MhwmD70S5aTWbXGBwxHrelT+XM1k6dM0pk+SwNkpTRN7Pg==
  dependencies:
    nanoid "^3.3.11"
    picocolors "^1.1.1"
    source-map-js "^1.2.1"

property-information@^7.0.0:
  version "7.1.0"
  resolved "https://registry.npmjs.org/property-information/-/property-information-7.1.0.tgz"
  integrity sha512-TwEZ+X+yCJmYfL7TPUOcvBZ4QfoT5YenQiJuX//0th53DE6w0xxLEtfK3iyryQFddXuvkIk51EEgrJQ0WJkOmQ==

readdirp@^4.0.1:
  version "4.1.2"
  resolved "https://registry.npmjs.org/readdirp/-/readdirp-4.1.2.tgz"
  integrity sha512-GDhwkLfywWL2s6vEjyhri+eXmfH6j1L7JE27WhqLeYzoh/A3DBaYGEj2H/HFZCn/kMfim73FXxEJTw06WtxQwg==

regex-recursion@^6.0.2:
  version "6.0.2"
  resolved "https://registry.npmjs.org/regex-recursion/-/regex-recursion-6.0.2.tgz"
  integrity sha512-0YCaSCq2VRIebiaUviZNs0cBz1kg5kVS2UKUfNIx8YVs1cN3AV7NTctO5FOKBA+UT2BPJIWZauYHPqJODG50cg==
  dependencies:
    regex-utilities "^2.3.0"

regex-utilities@^2.3.0:
  version "2.3.0"
  resolved "https://registry.npmjs.org/regex-utilities/-/regex-utilities-2.3.0.tgz"
  integrity sha512-8VhliFJAWRaUiVvREIiW2NXXTmHs4vMNnSzuJVhscgmGav3g9VDxLrQndI3dZZVVdp0ZO/5v0xmX516/7M9cng==

regex@^6.0.1:
  version "6.1.0"
  resolved "https://registry.npmjs.org/regex/-/regex-6.1.0.tgz"
  integrity sha512-6VwtthbV4o/7+OaAF9I5L5V3llLEsoPyq9P1JVXkedTP33c7MfCG0/5NOPcSJn0TzXcG9YUrR0gQSWioew3LDg==
  dependencies:
    regex-utilities "^2.3.0"

rollup@^4.20.0, rollup@^4.34.9:
  version "4.55.2"
  resolved "https://registry.npmjs.org/rollup/-/rollup-4.55.2.tgz"
  integrity sha512-PggGy4dhwx5qaW+CKBilA/98Ql9keyfnb7lh4SR6shQ91QQQi1ORJ1v4UinkdP2i87OBs9AQFooQylcrrRfIcg==
  dependencies:
    "@types/estree" "1.0.8"
  optionalDependencies:
    "@rollup/rollup-android-arm-eabi" "4.55.2"
    "@rollup/rollup-android-arm64" "4.55.2"
    "@rollup/rollup-darwin-arm64" "4.55.2"
    "@rollup/rollup-darwin-x64" "4.55.2"
    "@rollup/rollup-freebsd-arm64" "4.55.2"
    "@rollup/rollup-freebsd-x64" "4.55.2"
    "@rollup/rollup-linux-arm-gnueabihf" "4.55.2"
    "@rollup/rollup-linux-arm-musleabihf" "4.55.2"
    "@rollup/rollup-linux-arm64-gnu" "4.55.2"
    "@rollup/rollup-linux-arm64-musl" "4.55.2"
    "@rollup/rollup-linux-loong64-gnu" "4.55.2"
    "@rollup/rollup-linux-loong64-musl" "4.55.2"
    "@rollup/rollup-linux-ppc64-gnu" "4.55.2"
    "@rollup/rollup-linux-ppc64-musl" "4.55.2"
    "@rollup/rollup-linux-riscv64-gnu" "4.55.2"
    "@rollup/rollup-linux-riscv64-musl" "4.55.2"
    "@rollup/rollup-linux-s390x-gnu" "4.55.2"
    "@rollup/rollup-linux-x64-gnu" "4.55.2"
    "@rollup/rollup-linux-x64-musl" "4.55.2"
    "@rollup/rollup-openbsd-x64" "4.55.2"
    "@rollup/rollup-openharmony-arm64" "4.55.2"
    "@rollup/rollup-win32-arm64-msvc" "4.55.2"
    "@rollup/rollup-win32-ia32-msvc" "4.55.2"
    "@rollup/rollup-win32-x64-gnu" "4.55.2"
    "@rollup/rollup-win32-x64-msvc" "4.55.2"
    fsevents "~2.3.2"

sass@*, sass@^1.97.2:
  version "1.97.2"
  resolved "https://registry.npmjs.org/sass/-/sass-1.97.2.tgz"
  integrity sha512-y5LWb0IlbO4e97Zr7c3mlpabcbBtS+ieiZ9iwDooShpFKWXf62zz5pEPdwrLYm+Bxn1fnbwFGzHuCLSA9tBmrw==
  dependencies:
    chokidar "^4.0.0"
    immutable "^5.0.2"
    source-map-js ">=0.6.2 <2.0.0"
  optionalDependencies:
    "@parcel/watcher" "^2.4.1"

sax@^1.4.1:
  version "1.4.4"
  resolved "https://registry.npmjs.org/sax/-/sax-1.4.4.tgz"
  integrity sha512-1n3r/tGXO6b6VXMdFT54SHzT9ytu9yr7TaELowdYpMqY/Ao7EnlQGmAQ1+RatX7Tkkdm6hONI2owqNx2aZj5Sw==

semver@^7.7.3:
  version "7.7.3"
  resolved "https://registry.npmjs.org/semver/-/semver-7.7.3.tgz"
  integrity sha512-SdsKMrI9TdgjdweUSR9MweHA4EJ8YxHn8DFaDisvhVlUOe4BF1tLD7GAj0lIqWVl+dPb/rExr0Btby5loQm20Q==

sharp@^0.34.5:
  version "0.34.5"
  resolved "https://registry.npmjs.org/sharp/-/sharp-0.34.5.tgz"
  integrity sha512-Ou9I5Ft9WNcCbXrU9cMgPBcCK8LiwLqcbywW3t4oDV37n1pzpuNLsYiAV8eODnjbtQlSDwZ2cUEeQz4E54Hltg==
  dependencies:
    "@img/colour" "^1.0.0"
    detect-libc "^2.1.2"
    semver "^7.7.3"
  optionalDependencies:
    "@img/sharp-darwin-arm64" "0.34.5"
    "@img/sharp-darwin-x64" "0.34.5"
    "@img/sharp-libvips-darwin-arm64" "1.2.4"
    "@img/sharp-libvips-darwin-x64" "1.2.4"
    "@img/sharp-libvips-linux-arm" "1.2.4"
    "@img/sharp-libvips-linux-arm64" "1.2.4"
    "@img/sharp-libvips-linux-ppc64" "1.2.4"
    "@img/sharp-libvips-linux-riscv64" "1.2.4"
    "@img/sharp-libvips-linux-s390x" "1.2.4"
    "@img/sharp-libvips-linux-x64" "1.2.4"
    "@img/sharp-libvips-linuxmusl-arm64" "1.2.4"
    "@img/sharp-libvips-linuxmusl-x64" "1.2.4"
    "@img/sharp-linux-arm" "0.34.5"
    "@img/sharp-linux-arm64" "0.34.5"
    "@img/sharp-linux-ppc64" "0.34.5"
    "@img/sharp-linux-riscv64" "0.34.5"
    "@img/sharp-linux-s390x" "0.34.5"
    "@img/sharp-linux-x64" "0.34.5"
    "@img/sharp-linuxmusl-arm64" "0.34.5"
    "@img/sharp-linuxmusl-x64" "0.34.5"
    "@img/sharp-wasm32" "0.34.5"
    "@img/sharp-win32-arm64" "0.34.5"
    "@img/sharp-win32-ia32" "0.34.5"
    "@img/sharp-win32-x64" "0.34.5"

shiki@^3.21.0:
  version "3.21.0"
  resolved "https://registry.npmjs.org/shiki/-/shiki-3.21.0.tgz"
  integrity sha512-N65B/3bqL/TI2crrXr+4UivctrAGEjmsib5rPMMPpFp1xAx/w03v8WZ9RDDFYteXoEgY7qZ4HGgl5KBIu1153w==
  dependencies:
    "@shikijs/core" "3.21.0"
    "@shikijs/engine-javascript" "3.21.0"
    "@shikijs/engine-oniguruma" "3.21.0"
    "@shikijs/langs" "3.21.0"
    "@shikijs/themes" "3.21.0"
    "@shikijs/types" "3.21.0"
    "@shikijs/vscode-textmate" "^10.0.2"
    "@types/hast" "^3.0.4"

source-map-js@^1.0.1, source-map-js@^1.2.1, "source-map-js@>=0.6.2 <2.0.0":
  version "1.2.1"
  resolved "https://registry.npmjs.org/source-map-js/-/source-map-js-1.2.1.tgz"
  integrity sha512-UXWMKhLOwVKb728IUtQPXxfYU+usdybtUrK/8uGE8CQMvrhOpwvzDBwj0QhSL7MQc7vIsISBG8VQ8+IDQxpfQA==

source-map@^0.6.1:
  version "0.6.1"
  resolved "https://registry.npmjs.org/source-map/-/source-map-0.6.1.tgz"
  integrity sha512-UjgapumWlbMhkBgzT7Ykc5YXUT46F0iKu8SGXq0bcwP5dz/h0Plj6enJqjz1Zbq2l5WaqYnrVbwWOWMyF3F47g==

space-separated-tokens@^2.0.0:
  version "2.0.2"
  resolved "https://registry.npmjs.org/space-separated-tokens/-/space-separated-tokens-2.0.2.tgz"
  integrity sha512-PEGlAwrG8yXGXRjW32fGbg66JAlOAwbObuqVoJpv/mRgoWDQfgH1wDPvtzWyUSNAXBGSk8h755YDbbcEy3SH2Q==

stringify-entities@^4.0.0:
  version "4.0.4"
  resolved "https://registry.npmjs.org/stringify-entities/-/stringify-entities-4.0.4.tgz"
  integrity sha512-IwfBptatlO+QCJUo19AqvrPNqlVMpW9YEL2LIVY+Rpv2qsjCGxaDLNRgeGsQWJhfItebuJhsGSLjaBbNSQ+ieg==
  dependencies:
    character-entities-html4 "^2.0.0"
    character-entities-legacy "^3.0.0"

svgo@^4.0.0:
  version "4.0.0"
  resolved "https://registry.npmjs.org/svgo/-/svgo-4.0.0.tgz"
  integrity sha512-VvrHQ+9uniE+Mvx3+C9IEe/lWasXCU0nXMY2kZeLrHNICuRiC8uMPyM14UEaMOFA5mhyQqEkB02VoQ16n3DLaw==
  dependencies:
    commander "^11.1.0"
    css-select "^5.1.0"
    css-tree "^3.0.1"
    css-what "^6.1.0"
    csso "^5.0.5"
    picocolors "^1.1.1"
    sax "^1.4.1"

tailwindcss@^4.1.18, tailwindcss@4.1.18:
  version "4.1.18"
  resolved "https://registry.npmjs.org/tailwindcss/-/tailwindcss-4.1.18.tgz"
  integrity sha512-4+Z+0yiYyEtUVCScyfHCxOYP06L5Ne+JiHhY2IjR2KWMIWhJOYZKLSGZaP5HkZ8+bY0cxfzwDE5uOmzFXyIwxw==

tapable@^2.2.0:
  version "2.3.0"
  resolved "https://registry.npmjs.org/tapable/-/tapable-2.3.0.tgz"
  integrity sha512-g9ljZiwki/LfxmQADO3dEY1CbpmXT5Hm2fJ+QaGKwSXUylMybePR7/67YW7jOrrvjEgL1Fmz5kzyAjWVWLlucg==

tinyglobby@^0.2.13:
  version "0.2.15"
  resolved "https://registry.npmjs.org/tinyglobby/-/tinyglobby-0.2.15.tgz"
  integrity sha512-j2Zq4NyQYG5XMST4cbs02Ak8iJUdxRM0XI5QyxXuZOzKOINmWurp3smXu3y5wDcJrptwpSjgXHzIQxR0omXljQ==
  dependencies:
    fdir "^6.5.0"
    picomatch "^4.0.3"

trim-lines@^3.0.0:
  version "3.0.1"
  resolved "https://registry.npmjs.org/trim-lines/-/trim-lines-3.0.1.tgz"
  integrity sha512-kRj8B+YHZCc9kQYdWfJB2/oUl9rA99qbowYYBtr4ui4mZyAQ2JpvVBd/6U2YloATfqBhBTSMhTpgBHtU0Mf3Rg==

tslib@^2.4.0:
  version "2.8.1"
  resolved "https://registry.npmjs.org/tslib/-/tslib-2.8.1.tgz"
  integrity sha512-oJFu94HQb+KVduSUQL7wnpmqnfmLsOA/nAh6b6EH0wCEoK0/mPeXU6c3wKDV83MkOuHPRHtSXKKU99IBazS/2w==

uglify-js@^3.1.4:
  version "3.19.3"
  resolved "https://registry.npmjs.org/uglify-js/-/uglify-js-3.19.3.tgz"
  integrity sha512-v3Xu+yuwBXisp6QYTcH4UbH+xYJXqnq2m/LtQVWKWzYc1iehYnLixoQDN9FH6/j9/oybfd6W9Ghwkl8+UMKTKQ==

unist-util-is@^6.0.0:
  version "6.0.1"
  resolved "https://registry.npmjs.org/unist-util-is/-/unist-util-is-6.0.1.tgz"
  integrity sha512-LsiILbtBETkDz8I9p1dQ0uyRUWuaQzd/cuEeS1hoRSyW5E5XGmTzlwY1OrNzzakGowI9Dr/I8HVaw4hTtnxy8g==
  dependencies:
    "@types/unist" "^3.0.0"

unist-util-position@^5.0.0:
  version "5.0.0"
  resolved "https://registry.npmjs.org/unist-util-position/-/unist-util-position-5.0.0.tgz"
  integrity sha512-fucsC7HjXvkB5R3kTCO7kUjRdrS0BJt3M/FPxmHMBOm8JQi2BsHAHFsy27E0EolP8rp0NzXsJ+jNPyDWvOJZPA==
  dependencies:
    "@types/unist" "^3.0.0"

unist-util-stringify-position@^4.0.0:
  version "4.0.0"
  resolved "https://registry.npmjs.org/unist-util-stringify-position/-/unist-util-stringify-position-4.0.0.tgz"
  integrity sha512-0ASV06AAoKCDkS2+xw5RXJywruurpbC4JZSm7nr7MOt1ojAzvyyaO+UxZf18j8FCF6kmzCZKcAgN/yu2gm2XgQ==
  dependencies:
    "@types/unist" "^3.0.0"

unist-util-visit-parents@^6.0.0:
  version "6.0.2"
  resolved "https://registry.npmjs.org/unist-util-visit-parents/-/unist-util-visit-parents-6.0.2.tgz"
  integrity sha512-goh1s1TBrqSqukSc8wrjwWhL0hiJxgA8m4kFxGlQ+8FYQ3C/m11FcTs4YYem7V664AhHVvgoQLk890Ssdsr2IQ==
  dependencies:
    "@types/unist" "^3.0.0"
    unist-util-is "^6.0.0"

unist-util-visit@^5.0.0:
  version "5.1.0"
  resolved "https://registry.npmjs.org/unist-util-visit/-/unist-util-visit-5.1.0.tgz"
  integrity sha512-m+vIdyeCOpdr/QeQCu2EzxX/ohgS8KbnPDgFni4dQsfSCtpz8UqDyY5GjRru8PDKuYn7Fq19j1CQ+nJSsGKOzg==
  dependencies:
    "@types/unist" "^3.0.0"
    unist-util-is "^6.0.0"
    unist-util-visit-parents "^6.0.0"

vfile-message@^4.0.0:
  version "4.0.3"
  resolved "https://registry.npmjs.org/vfile-message/-/vfile-message-4.0.3.tgz"
  integrity sha512-QTHzsGd1EhbZs4AsQ20JX1rC3cOlt/IWJruk893DfLRr57lcnOeMaWG4K0JrRta4mIJZKth2Au3mM3u03/JWKw==
  dependencies:
    "@types/unist" "^3.0.0"
    unist-util-stringify-position "^4.0.0"

vfile@^6.0.0:
  version "6.0.3"
  resolved "https://registry.npmjs.org/vfile/-/vfile-6.0.3.tgz"
  integrity sha512-KzIbH/9tXat2u30jf+smMwFCsno4wHVdNmzFyL+T/L3UGqqk6JKfVqOFOZEpZSHADH1k40ab6NUIXZq422ov3Q==
  dependencies:
    "@types/unist" "^3.0.0"
    vfile-message "^4.0.0"

vite-plugin-handlebars@^2.0.0:
  version "2.0.0"
  resolved "https://registry.npmjs.org/vite-plugin-handlebars/-/vite-plugin-handlebars-2.0.0.tgz"
  integrity sha512-+J3It0nyhPzx4nT1I+fnWH+jShTEXzm6X0Tgsggdm9IYFD7/eJ6a3ROI13HTe0CVoyaxm/fPxH5HDAKyfz7T0g==
  dependencies:
    handlebars "^4.7.6"
    vite "^5.0.0"

vite-plugin-image-optimizer@^1.1.8:
  version "1.1.9"
  resolved "https://registry.npmjs.org/vite-plugin-image-optimizer/-/vite-plugin-image-optimizer-1.1.9.tgz"
  integrity sha512-66sB+o6FMkNdZby1vJrVI1AhnaZKc/m3k/3WY7V1/hd3NS4ZosC86UeOsyRKBlA5iApgR0rZONbu2mS4v4V0Mg==
  dependencies:
    ansi-colors "^4.1.3"
    pathe "^1.1.2"

vite@^5.0.0:
  version "5.4.21"
  resolved "https://registry.npmjs.org/vite/-/vite-5.4.21.tgz"
  integrity sha512-o5a9xKjbtuhY6Bi5S3+HvbRERmouabWbyUcpXXUA1u+GNUKoROi9byOJ8M0nHbHYHkYICiMlqxkg1KkYmm25Sw==
  dependencies:
    esbuild "^0.21.3"
    postcss "^8.4.43"
    rollup "^4.20.0"
  optionalDependencies:
    fsevents "~2.3.3"

"vite@^5.2.0 || ^6 || ^7", vite@^6.0.5, vite@>=3:
  version "6.4.1"
  resolved "https://registry.npmjs.org/vite/-/vite-6.4.1.tgz"
  integrity sha512-+Oxm7q9hDoLMyJOYfUYBuHQo+dkAloi33apOPP56pzj+vsdJDzr+j1NISE5pyaAuKL4A3UD34qd0lx5+kfKp2g==
  dependencies:
    esbuild "^0.25.0"
    fdir "^6.4.4"
    picomatch "^4.0.2"
    postcss "^8.5.3"
    rollup "^4.34.9"
    tinyglobby "^0.2.13"
  optionalDependencies:
    fsevents "~2.3.3"

wordwrap@^1.0.0:
  version "1.0.0"
  resolved "https://registry.npmjs.org/wordwrap/-/wordwrap-1.0.0.tgz"
  integrity sha512-gvVzJFlPycKc5dZN4yPkP8w7Dc37BtP1yczEneOb4uq34pXZcvrtRTmWV8W+Ume+XCxKgbjM+nevkyFPMybd4Q==

zwitch@^2.0.4:
  version "2.0.4"
  resolved "https://registry.npmjs.org/zwitch/-/zwitch-2.0.4.tgz"
  integrity sha512-bXE4cR/kVZhKZX/RjPEflHaKVhUVl85noU3v6b8apfQEc1x4A+zBxjZ4lN8LqGd6WZ3dl98pY4o717VFmoPp+A==
